
Microsoft Visual Studio Solution File, Format Version 10.00
# Visual Studio 2008
Project("{8BC9CEB8-8B4A-11D0-8D11-00A0C91BC942}") = "ALL_BUILD", "ALL_BUILD.vcproj", "{49BFE05C-09C5-302D-A732-984935DF3AEE}"
	ProjectSection(ProjectDependencies) = postProject
		{F69D8348-4668-36E8-BBBD-82017691D7CD} = {F69D8348-4668-36E8-BBBD-82017691D7CD}
		{8DBB722D-94D9-3610-8390-6CCCB78080FC} = {8DBB722D-94D9-3610-8390-6CCCB78080FC}
	EndProjectSection
EndProject
Project("{8BC9CEB8-8B4A-11D0-8D11-00A0C91BC942}") = "Praticas-1", "Praticas-1.vcproj", "{F69D8348-4668-36E8-BBBD-82017691D7CD}"
	ProjectSection(ProjectDependencies) = postProject
		{8DBB722D-94D9-3610-8390-6CCCB78080FC} = {8DBB722D-94D9-3610-8390-6CCCB78080FC}
	EndProjectSection
EndProject
Project("{8BC9CEB8-8B4A-11D0-8D11-00A0C91BC942}") = "ZERO_CHECK", "ZERO_CHECK.vcproj", "{8DBB722D-94D9-3610-8390-6CCCB78080FC}"
	ProjectSection(ProjectDependencies) = postProject
	EndProjectSection
EndProject
Global
	GlobalSection(SolutionConfigurationPlatforms) = preSolution
		Debug|Win32 = Debug|Win32
		Release|Win32 = Release|Win32
		MinSizeRel|Win32 = MinSizeRel|Win32
		RelWithDebInfo|Win32 = RelWithDebInfo|Win32
	EndGlobalSection
	GlobalSection(ProjectConfigurationPlatforms) = postSolution
		{49BFE05C-09C5-302D-A732-984935DF3AEE}.Debug|Win32.ActiveCfg = Debug|Win32
		{49BFE05C-09C5-302D-A732-984935DF3AEE}.Release|Win32.ActiveCfg = Release|Win32
		{49BFE05C-09C5-302D-A732-984935DF3AEE}.MinSizeRel|Win32.ActiveCfg = MinSizeRel|Win32
		{49BFE05C-09C5-302D-A732-984935DF3AEE}.RelWithDebInfo|Win32.ActiveCfg = RelWithDebInfo|Win32
		{F69D8348-4668-36E8-BBBD-82017691D7CD}.Debug|Win32.ActiveCfg = Debug|Win32
		{F69D8348-4668-36E8-BBBD-82017691D7CD}.Debug|Win32.Build.0 = Debug|Win32
		{F69D8348-4668-36E8-BBBD-82017691D7CD}.Release|Win32.ActiveCfg = Release|Win32
		{F69D8348-4668-36E8-BBBD-82017691D7CD}.Release|Win32.Build.0 = Release|Win32
		{F69D8348-4668-36E8-BBBD-82017691D7CD}.MinSizeRel|Win32.ActiveCfg = MinSizeRel|Win32
		{F69D8348-4668-36E8-BBBD-82017691D7CD}.MinSizeRel|Win32.Build.0 = MinSizeRel|Win32
		{F69D8348-4668-36E8-BBBD-82017691D7CD}.RelWithDebInfo|Win32.ActiveCfg = RelWithDebInfo|Win32
		{F69D8348-4668-36E8-BBBD-82017691D7CD}.RelWithDebInfo|Win32.Build.0 = RelWithDebInfo|Win32
		{8DBB722D-94D9-3610-8390-6CCCB78080FC}.Debug|Win32.ActiveCfg = Debug|Win32
		{8DBB722D-94D9-3610-8390-6CCCB78080FC}.Debug|Win32.Build.0 = Debug|Win32
		{8DBB722D-94D9-3610-8390-6CCCB78080FC}.Release|Win32.ActiveCfg = Release|Win32
		{8DBB722D-94D9-3610-8390-6CCCB78080FC}.Release|Win32.Build.0 = Release|Win32
		{8DBB722D-94D9-3610-8390-6CCCB78080FC}.MinSizeRel|Win32.ActiveCfg = MinSizeRel|Win32
		{8DBB722D-94D9-3610-8390-6CCCB78080FC}.MinSizeRel|Win32.Build.0 = MinSizeRel|Win32
		{8DBB722D-94D9-3610-8390-6CCCB78080FC}.RelWithDebInfo|Win32.ActiveCfg = RelWithDebInfo|Win32
		{8DBB722D-94D9-3610-8390-6CCCB78080FC}.RelWithDebInfo|Win32.Build.0 = RelWithDebInfo|Win32
	EndGlobalSection
	GlobalSection(ExtensibilityGlobals) = postSolution
		SolutionGuid = {F6BA784F-7086-395B-B03F-61C1B13CE184}
	EndGlobalSection
	GlobalSection(ExtensibilityAddIns) = postSolution
	EndGlobalSection
EndGlobal
