
Microsoft Visual Studio Solution File, Format Version 10.00
# Visual Studio 2008
Project("{8BC9CEB8-8B4A-11D0-8D11-00A0C91BC942}") = "ALL_BUILD", "ALL_BUILD.vcproj", "{352EA189-6862-37AD-9343-8AA5C30898F9}"
	ProjectSection(ProjectDependencies) = postProject
		{ACEC1488-9516-3FCD-9C70-383D3E70B8B8} = {ACEC1488-9516-3FCD-9C70-383D3E70B8B8}
		{CE7DC126-31D3-3598-80C2-A08A86AC8281} = {CE7DC126-31D3-3598-80C2-A08A86AC8281}
	EndProjectSection
EndProject
Project("{8BC9CEB8-8B4A-11D0-8D11-00A0C91BC942}") = "Urnas", "Urnas.vcproj", "{ACEC1488-9516-3FCD-9C70-383D3E70B8B8}"
	ProjectSection(ProjectDependencies) = postProject
		{CE7DC126-31D3-3598-80C2-A08A86AC8281} = {CE7DC126-31D3-3598-80C2-A08A86AC8281}
	EndProjectSection
EndProject
Project("{8BC9CEB8-8B4A-11D0-8D11-00A0C91BC942}") = "ZERO_CHECK", "ZERO_CHECK.vcproj", "{CE7DC126-31D3-3598-80C2-A08A86AC8281}"
	ProjectSection(ProjectDependencies) = postProject
	EndProjectSection
EndProject
Global
	GlobalSection(SolutionConfigurationPlatforms) = preSolution
		Debug|Win32 = Debug|Win32
		Release|Win32 = Release|Win32
		MinSizeRel|Win32 = MinSizeRel|Win32
		RelWithDebInfo|Win32 = RelWithDebInfo|Win32
	EndGlobalSection
	GlobalSection(ProjectConfigurationPlatforms) = postSolution
		{352EA189-6862-37AD-9343-8AA5C30898F9}.Debug|Win32.ActiveCfg = Debug|Win32
		{352EA189-6862-37AD-9343-8AA5C30898F9}.Release|Win32.ActiveCfg = Release|Win32
		{352EA189-6862-37AD-9343-8AA5C30898F9}.MinSizeRel|Win32.ActiveCfg = MinSizeRel|Win32
		{352EA189-6862-37AD-9343-8AA5C30898F9}.RelWithDebInfo|Win32.ActiveCfg = RelWithDebInfo|Win32
		{ACEC1488-9516-3FCD-9C70-383D3E70B8B8}.Debug|Win32.ActiveCfg = Debug|Win32
		{ACEC1488-9516-3FCD-9C70-383D3E70B8B8}.Debug|Win32.Build.0 = Debug|Win32
		{ACEC1488-9516-3FCD-9C70-383D3E70B8B8}.Release|Win32.ActiveCfg = Release|Win32
		{ACEC1488-9516-3FCD-9C70-383D3E70B8B8}.Release|Win32.Build.0 = Release|Win32
		{ACEC1488-9516-3FCD-9C70-383D3E70B8B8}.MinSizeRel|Win32.ActiveCfg = MinSizeRel|Win32
		{ACEC1488-9516-3FCD-9C70-383D3E70B8B8}.MinSizeRel|Win32.Build.0 = MinSizeRel|Win32
		{ACEC1488-9516-3FCD-9C70-383D3E70B8B8}.RelWithDebInfo|Win32.ActiveCfg = RelWithDebInfo|Win32
		{ACEC1488-9516-3FCD-9C70-383D3E70B8B8}.RelWithDebInfo|Win32.Build.0 = RelWithDebInfo|Win32
		{CE7DC126-31D3-3598-80C2-A08A86AC8281}.Debug|Win32.ActiveCfg = Debug|Win32
		{CE7DC126-31D3-3598-80C2-A08A86AC8281}.Debug|Win32.Build.0 = Debug|Win32
		{CE7DC126-31D3-3598-80C2-A08A86AC8281}.Release|Win32.ActiveCfg = Release|Win32
		{CE7DC126-31D3-3598-80C2-A08A86AC8281}.Release|Win32.Build.0 = Release|Win32
		{CE7DC126-31D3-3598-80C2-A08A86AC8281}.MinSizeRel|Win32.ActiveCfg = MinSizeRel|Win32
		{CE7DC126-31D3-3598-80C2-A08A86AC8281}.MinSizeRel|Win32.Build.0 = MinSizeRel|Win32
		{CE7DC126-31D3-3598-80C2-A08A86AC8281}.RelWithDebInfo|Win32.ActiveCfg = RelWithDebInfo|Win32
		{CE7DC126-31D3-3598-80C2-A08A86AC8281}.RelWithDebInfo|Win32.Build.0 = RelWithDebInfo|Win32
	EndGlobalSection
	GlobalSection(ExtensibilityGlobals) = postSolution
		SolutionGuid = {17F451C4-5B51-3A7E-80BC-2E2501D6ACD6}
	EndGlobalSection
	GlobalSection(ExtensibilityAddIns) = postSolution
	EndGlobalSection
EndGlobal
